
Microsoft Visual Studio Solution File, Format Version 12.00
# Visual Studio Version 17
VisualStudioVersion = 17.5.33516.290
MinimumVisualStudioVersion = 10.0.40219.1
Project("{FAE04EC0-301F-11D3-BF4B-00C04F79EFBC}") = "View", "View\View.csproj", "{9A7BBE95-4B17-4B20-B16E-4E3412D71543}"
EndProject
Project("{FAE04EC0-301F-11D3-BF4B-00C04F79EFBC}") = "Model", "Model\Model.csproj", "{3A2FEF0A-9315-4066-AE38-ACA7AC3DFC69}"
EndProject
Project("{FAE04EC0-301F-11D3-BF4B-00C04F79EFBC}") = "ViewModel", "ViewModel\ViewModel.csproj", "{522DB506-EECA-4742-A7FF-99D053872CDF}"
EndProject
Project("{FAE04EC0-301F-11D3-BF4B-00C04F79EFBC}") = "Cells", "Cells\Cells.csproj", "{B7908AB8-A31E-412B-90F0-8725DD83C647}"
EndProject
Global
	GlobalSection(SolutionConfigurationPlatforms) = preSolution
		Debug|Any CPU = Debug|Any CPU
		Release|Any CPU = Release|Any CPU
	EndGlobalSection
	GlobalSection(ProjectConfigurationPlatforms) = postSolution
		{9A7BBE95-4B17-4B20-B16E-4E3412D71543}.Debug|Any CPU.ActiveCfg = Debug|Any CPU
		{9A7BBE95-4B17-4B20-B16E-4E3412D71543}.Debug|Any CPU.Build.0 = Debug|Any CPU
		{9A7BBE95-4B17-4B20-B16E-4E3412D71543}.Release|Any CPU.ActiveCfg = Release|Any CPU
		{9A7BBE95-4B17-4B20-B16E-4E3412D71543}.Release|Any CPU.Build.0 = Release|Any CPU
		{3A2FEF0A-9315-4066-AE38-ACA7AC3DFC69}.Debug|Any CPU.ActiveCfg = Debug|Any CPU
		{3A2FEF0A-9315-4066-AE38-ACA7AC3DFC69}.Debug|Any CPU.Build.0 = Debug|Any CPU
		{3A2FEF0A-9315-4066-AE38-ACA7AC3DFC69}.Release|Any CPU.ActiveCfg = Release|Any CPU
		{3A2FEF0A-9315-4066-AE38-ACA7AC3DFC69}.Release|Any CPU.Build.0 = Release|Any CPU
		{522DB506-EECA-4742-A7FF-99D053872CDF}.Debug|Any CPU.ActiveCfg = Debug|Any CPU
		{522DB506-EECA-4742-A7FF-99D053872CDF}.Debug|Any CPU.Build.0 = Debug|Any CPU
		{522DB506-EECA-4742-A7FF-99D053872CDF}.Release|Any CPU.ActiveCfg = Release|Any CPU
		{522DB506-EECA-4742-A7FF-99D053872CDF}.Release|Any CPU.Build.0 = Release|Any CPU
		{B7908AB8-A31E-412B-90F0-8725DD83C647}.Debug|Any CPU.ActiveCfg = Debug|Any CPU
		{B7908AB8-A31E-412B-90F0-8725DD83C647}.Debug|Any CPU.Build.0 = Debug|Any CPU
		{B7908AB8-A31E-412B-90F0-8725DD83C647}.Release|Any CPU.ActiveCfg = Release|Any CPU
		{B7908AB8-A31E-412B-90F0-8725DD83C647}.Release|Any CPU.Build.0 = Release|Any CPU
	EndGlobalSection
	GlobalSection(SolutionProperties) = preSolution
		HideSolutionNode = FALSE
	EndGlobalSection
	GlobalSection(ExtensibilityGlobals) = postSolution
		SolutionGuid = {478F7FE9-8779-4E4A-B79E-DE2BE0681CAA}
	EndGlobalSection
EndGlobal
